
Microsoft Visual Studio Solution File, Format Version 12.00
# Visual Studio Version 17
VisualStudioVersion = 17.5.002.0
MinimumVisualStudioVersion = 10.0.40219.1
Project("{9A19103F-16F7-4668-BE54-9A1E7A4F7556}") = "GDPadDotnet", "GDPadDotnet.csproj", "{A257C2B1-0802-4BD4-AB48-B4928198776E}"
EndProject
Global
	GlobalSection(SolutionConfigurationPlatforms) = preSolution
		Debug|Any CPU = Debug|Any CPU
		Release|Any CPU = Release|Any CPU
	EndGlobalSection
	GlobalSection(ProjectConfigurationPlatforms) = postSolution
		{A257C2B1-0802-4BD4-AB48-B4928198776E}.Debug|Any CPU.ActiveCfg = Debug|Any CPU
		{A257C2B1-0802-4BD4-AB48-B4928198776E}.Debug|Any CPU.Build.0 = Debug|Any CPU
		{A257C2B1-0802-4BD4-AB48-B4928198776E}.Release|Any CPU.ActiveCfg = Release|Any CPU
		{A257C2B1-0802-4BD4-AB48-B4928198776E}.Release|Any CPU.Build.0 = Release|Any CPU
	EndGlobalSection
	GlobalSection(SolutionProperties) = preSolution
		HideSolutionNode = FALSE
	EndGlobalSection
	GlobalSection(ExtensibilityGlobals) = postSolution
		SolutionGuid = {A27BE50E-910F-4632-91AF-8381B9657673}
	EndGlobalSection
EndGlobal
